
Microsoft Visual Studio Solution File, Format Version 12.00
# Visual Studio Version 17
VisualStudioVersion = 17.10.35122.118
MinimumVisualStudioVersion = 10.0.40219.1
Project("{FAE04EC0-301F-11D3-BF4B-00C04F79EFBC}") = "Producer", "Producer\Producer.csproj", "{0A6CF6ED-0FD5-487A-996A-DB8740633113}"
EndProject
Project("{FAE04EC0-301F-11D3-BF4B-00C04F79EFBC}") = "Consumer", "Consumer\Consumer.csproj", "{6D79AB2D-BE77-4D8D-948B-88165BEC1A1C}"
EndProject
Global
	GlobalSection(SolutionConfigurationPlatforms) = preSolution
		Debug|Any CPU = Debug|Any CPU
		Release|Any CPU = Release|Any CPU
	EndGlobalSection
	GlobalSection(ProjectConfigurationPlatforms) = postSolution
		{0A6CF6ED-0FD5-487A-996A-DB8740633113}.Debug|Any CPU.ActiveCfg = Debug|Any CPU
		{0A6CF6ED-0FD5-487A-996A-DB8740633113}.Debug|Any CPU.Build.0 = Debug|Any CPU
		{0A6CF6ED-0FD5-487A-996A-DB8740633113}.Release|Any CPU.ActiveCfg = Release|Any CPU
		{0A6CF6ED-0FD5-487A-996A-DB8740633113}.Release|Any CPU.Build.0 = Release|Any CPU
		{6D79AB2D-BE77-4D8D-948B-88165BEC1A1C}.Debug|Any CPU.ActiveCfg = Debug|Any CPU
		{6D79AB2D-BE77-4D8D-948B-88165BEC1A1C}.Debug|Any CPU.Build.0 = Debug|Any CPU
		{6D79AB2D-BE77-4D8D-948B-88165BEC1A1C}.Release|Any CPU.ActiveCfg = Release|Any CPU
		{6D79AB2D-BE77-4D8D-948B-88165BEC1A1C}.Release|Any CPU.Build.0 = Release|Any CPU
	EndGlobalSection
	GlobalSection(SolutionProperties) = preSolution
		HideSolutionNode = FALSE
	EndGlobalSection
	GlobalSection(ExtensibilityGlobals) = postSolution
		SolutionGuid = {558AF7A6-EE26-4C61-A0E0-E8968E5C62DA}
	EndGlobalSection
EndGlobal
